// !$*UTF8*$!
{
	archiveVersion = 1;
	classes = {
	};
	objectVersion = 52;
	objects = {

/* Begin PBXBuildFile section */
		3A4E33D425BD35AB0018B5B4 /* HelpViewController.swift in Sources */ = {isa = PBXBuildFile; fileRef = 3A4E33D325BD35AB0018B5B4 /* HelpViewController.swift */; };
		3A5F2BCC25B17F5F00359B76 /* MemoDetailTextView.swift in Sources */ = {isa = PBXBuildFile; fileRef = 3A5F2BCB25B17F5F00359B76 /* MemoDetailTextView.swift */; };
		3A5F2BCF25B18D1600359B76 /* MemoSplitWindowController.swift in Sources */ = {isa = PBXBuildFile; fileRef = 3A5F2BCE25B18D1600359B76 /* MemoSplitWindowController.swift */; };
		3A5F2BD525B2643300359B76 /* MemoListManager.swift in Sources */ = {isa = PBXBuildFile; fileRef = 3A5F2BD425B2643300359B76 /* MemoListManager.swift */; };
		3A5F2BE425B2D2F600359B76 /* MDParser.swift in Sources */ = {isa = PBXBuildFile; fileRef = 3A5F2BE325B2D2F600359B76 /* MDParser.swift */; };
		3A6E222525B5A6720008D511 /* MemoViewController.swift in Sources */ = {isa = PBXBuildFile; fileRef = 3A6E222425B5A6720008D511 /* MemoViewController.swift */; };
		3A6F0D7525AC88560089BC2F /* KeyManager.swift in Sources */ = {isa = PBXBuildFile; fileRef = 3A6F0D7425AC88560089BC2F /* KeyManager.swift */; };
		3A6F0D7825AC88D00089BC2F /* Storage.swift in Sources */ = {isa = PBXBuildFile; fileRef = 3A6F0D7725AC88D00089BC2F /* Storage.swift */; };
		3A6F0D7D25AC8DCC0089BC2F /* PreferencesWindow.swift in Sources */ = {isa = PBXBuildFile; fileRef = 3A6F0D7C25AC8DCC0089BC2F /* PreferencesWindow.swift */; };
		3A6F0D8025AC8DD90089BC2F /* Preferences.xib in Resources */ = {isa = PBXBuildFile; fileRef = 3A6F0D7F25AC8DD90089BC2F /* Preferences.xib */; };
		3A6F0D9325ADD33E0089BC2F /* MemoSplitViewController.swift in Sources */ = {isa = PBXBuildFile; fileRef = 3A6F0D9225ADD33E0089BC2F /* MemoSplitViewController.swift */; };
		3AAA904E25AEC0BF00323743 /* MemoSideViewController.swift in Sources */ = {isa = PBXBuildFile; fileRef = 3AAA904D25AEC0BF00323743 /* MemoSideViewController.swift */; };
		3AAA905125AEC0D600323743 /* MemoDetailViewController.swift in Sources */ = {isa = PBXBuildFile; fileRef = 3AAA905025AEC0D600323743 /* MemoDetailViewController.swift */; };
		3AAA905525AF3C3300323743 /* Memo.swift in Sources */ = {isa = PBXBuildFile; fileRef = 3AAA905425AF3C3300323743 /* Memo.swift */; };
		3AE1F39D25A9655200A38694 /* HotKey in Frameworks */ = {isa = PBXBuildFile; productRef = 3AE1F39C25A9655200A38694 /* HotKey */; };
		3AE1F3A525A9722200A38694 /* Extentions.swift in Sources */ = {isa = PBXBuildFile; fileRef = 3AE1F3A425A9722200A38694 /* Extentions.swift */; };
		3AE1F3A925A9722D00A38694 /* Enums.swift in Sources */ = {isa = PBXBuildFile; fileRef = 3AE1F3A825A9722D00A38694 /* Enums.swift */; };
		3AE1F3AC25A9723E00A38694 /* MemoManager.swift in Sources */ = {isa = PBXBuildFile; fileRef = 3AE1F3AB25A9723E00A38694 /* MemoManager.swift */; };
		3AE1F3AF25A9726700A38694 /* MemoWindowController.swift in Sources */ = {isa = PBXBuildFile; fileRef = 3AE1F3AE25A9726700A38694 /* MemoWindowController.swift */; };
		3AE1F3B225A9727600A38694 /* MemoWindow.swift in Sources */ = {isa = PBXBuildFile; fileRef = 3AE1F3B125A9727600A38694 /* MemoWindow.swift */; };
		3AE1F3B825A97EA200A38694 /* MemoScrollView.swift in Sources */ = {isa = PBXBuildFile; fileRef = 3AE1F3B725A97EA200A38694 /* MemoScrollView.swift */; };
		3AE1F3BB25A97EB200A38694 /* MemoTextView.swift in Sources */ = {isa = PBXBuildFile; fileRef = 3AE1F3BA25A97EB200A38694 /* MemoTextView.swift */; };
		3AE1F3DA25A98D3400A38694 /* AppDelegate.swift in Sources */ = {isa = PBXBuildFile; fileRef = 3AE1F3D425A98D3300A38694 /* AppDelegate.swift */; };
		3AE1F3E525A98F2F00A38694 /* Assets.xcassets in Resources */ = {isa = PBXBuildFile; fileRef = 3AE1F3D125A98D3300A38694 /* Assets.xcassets */; };
		3AE1F3E725A98F3300A38694 /* Main.storyboard in Resources */ = {isa = PBXBuildFile; fileRef = 3AE1F3D225A98D3300A38694 /* Main.storyboard */; };
		3AE1F3EA25A9A9A600A38694 /* Protocols.swift in Sources */ = {isa = PBXBuildFile; fileRef = 3AE1F3E925A9A9A600A38694 /* Protocols.swift */; };
		3AFB71D325B3E5CA00DE1267 /* RE.swift in Sources */ = {isa = PBXBuildFile; fileRef = 3AFB71D225B3E5CA00DE1267 /* RE.swift */; };
/* End PBXBuildFile section */

/* Begin PBXFileReference section */
		3A4E33D325BD35AB0018B5B4 /* HelpViewController.swift */ = {isa = PBXFileReference; lastKnownFileType = sourcecode.swift; path = HelpViewController.swift; sourceTree = "<group>"; };
		3A5F2BCB25B17F5F00359B76 /* MemoDetailTextView.swift */ = {isa = PBXFileReference; lastKnownFileType = sourcecode.swift; path = MemoDetailTextView.swift; sourceTree = "<group>"; };
		3A5F2BCE25B18D1600359B76 /* MemoSplitWindowController.swift */ = {isa = PBXFileReference; lastKnownFileType = sourcecode.swift; path = MemoSplitWindowController.swift; sourceTree = "<group>"; };
		3A5F2BD425B2643300359B76 /* MemoListManager.swift */ = {isa = PBXFileReference; lastKnownFileType = sourcecode.swift; path = MemoListManager.swift; sourceTree = "<group>"; };
		3A5F2BE325B2D2F600359B76 /* MDParser.swift */ = {isa = PBXFileReference; lastKnownFileType = sourcecode.swift; path = MDParser.swift; sourceTree = "<group>"; };
		3A6E222425B5A6720008D511 /* MemoViewController.swift */ = {isa = PBXFileReference; lastKnownFileType = sourcecode.swift; path = MemoViewController.swift; sourceTree = "<group>"; };
		3A6F0D7425AC88560089BC2F /* KeyManager.swift */ = {isa = PBXFileReference; lastKnownFileType = sourcecode.swift; path = KeyManager.swift; sourceTree = "<group>"; };
		3A6F0D7725AC88D00089BC2F /* Storage.swift */ = {isa = PBXFileReference; lastKnownFileType = sourcecode.swift; path = Storage.swift; sourceTree = "<group>"; };
		3A6F0D7C25AC8DCC0089BC2F /* PreferencesWindow.swift */ = {isa = PBXFileReference; lastKnownFileType = sourcecode.swift; path = PreferencesWindow.swift; sourceTree = "<group>"; };
		3A6F0D7F25AC8DD90089BC2F /* Preferences.xib */ = {isa = PBXFileReference; lastKnownFileType = file.xib; path = Preferences.xib; sourceTree = "<group>"; };
		3A6F0D9225ADD33E0089BC2F /* MemoSplitViewController.swift */ = {isa = PBXFileReference; lastKnownFileType = sourcecode.swift; path = MemoSplitViewController.swift; sourceTree = "<group>"; };
		3AAA904D25AEC0BF00323743 /* MemoSideViewController.swift */ = {isa = PBXFileReference; lastKnownFileType = sourcecode.swift; path = MemoSideViewController.swift; sourceTree = "<group>"; };
		3AAA905025AEC0D600323743 /* MemoDetailViewController.swift */ = {isa = PBXFileReference; lastKnownFileType = sourcecode.swift; path = MemoDetailViewController.swift; sourceTree = "<group>"; };
		3AAA905425AF3C3300323743 /* Memo.swift */ = {isa = PBXFileReference; lastKnownFileType = sourcecode.swift; path = Memo.swift; sourceTree = "<group>"; };
		3AB577C225BA96A5002494E1 /* TapMemo.entitlements */ = {isa = PBXFileReference; lastKnownFileType = text.plist.entitlements; path = TapMemo.entitlements; sourceTree = "<group>"; };
		3AE1F38725A9653100A38694 /* TapMemo.app */ = {isa = PBXFileReference; explicitFileType = wrapper.application; includeInIndex = 0; path = TapMemo.app; sourceTree = BUILT_PRODUCTS_DIR; };
		3AE1F3A425A9722200A38694 /* Extentions.swift */ = {isa = PBXFileReference; lastKnownFileType = sourcecode.swift; path = Extentions.swift; sourceTree = "<group>"; };
		3AE1F3A825A9722D00A38694 /* Enums.swift */ = {isa = PBXFileReference; lastKnownFileType = sourcecode.swift; path = Enums.swift; sourceTree = "<group>"; };
		3AE1F3AB25A9723E00A38694 /* MemoManager.swift */ = {isa = PBXFileReference; lastKnownFileType = sourcecode.swift; path = MemoManager.swift; sourceTree = "<group>"; };
		3AE1F3AE25A9726700A38694 /* MemoWindowController.swift */ = {isa = PBXFileReference; lastKnownFileType = sourcecode.swift; path = MemoWindowController.swift; sourceTree = "<group>"; };
		3AE1F3B125A9727600A38694 /* MemoWindow.swift */ = {isa = PBXFileReference; lastKnownFileType = sourcecode.swift; path = MemoWindow.swift; sourceTree = "<group>"; };
		3AE1F3B725A97EA200A38694 /* MemoScrollView.swift */ = {isa = PBXFileReference; lastKnownFileType = sourcecode.swift; path = MemoScrollView.swift; sourceTree = "<group>"; };
		3AE1F3BA25A97EB200A38694 /* MemoTextView.swift */ = {isa = PBXFileReference; lastKnownFileType = sourcecode.swift; path = MemoTextView.swift; sourceTree = "<group>"; };
		3AE1F3D125A98D3300A38694 /* Assets.xcassets */ = {isa = PBXFileReference; lastKnownFileType = folder.assetcatalog; path = Assets.xcassets; sourceTree = "<group>"; };
		3AE1F3D325A98D3300A38694 /* Base */ = {isa = PBXFileReference; lastKnownFileType = file.storyboard; name = Base; path = Base.lproj/Main.storyboard; sourceTree = "<group>"; };
		3AE1F3D425A98D3300A38694 /* AppDelegate.swift */ = {isa = PBXFileReference; fileEncoding = 4; lastKnownFileType = sourcecode.swift; path = AppDelegate.swift; sourceTree = "<group>"; };
		3AE1F3D625A98D3300A38694 /* Info.plist */ = {isa = PBXFileReference; fileEncoding = 4; lastKnownFileType = text.plist.xml; path = Info.plist; sourceTree = "<group>"; };
		3AE1F3E925A9A9A600A38694 /* Protocols.swift */ = {isa = PBXFileReference; lastKnownFileType = sourcecode.swift; path = Protocols.swift; sourceTree = "<group>"; };
		3AFB71D225B3E5CA00DE1267 /* RE.swift */ = {isa = PBXFileReference; lastKnownFileType = sourcecode.swift; path = RE.swift; sourceTree = "<group>"; };
/* End PBXFileReference section */

/* Begin PBXFrameworksBuildPhase section */
		3AE1F38425A9653100A38694 /* Frameworks */ = {
			isa = PBXFrameworksBuildPhase;
			buildActionMask = 2147483647;
			files = (
				3AE1F39D25A9655200A38694 /* HotKey in Frameworks */,
			);
			runOnlyForDeploymentPostprocessing = 0;
		};
/* End PBXFrameworksBuildPhase section */

/* Begin PBXGroup section */
		3A4E33D225BD35930018B5B4 /* Help */ = {
			isa = PBXGroup;
			children = (
				3A4E33D325BD35AB0018B5B4 /* HelpViewController.swift */,
			);
			path = Help;
			sourceTree = "<group>";
		};
		3A6F0D7A25AC8D150089BC2F /* Preferences */ = {
			isa = PBXGroup;
			children = (
				3A6F0D7C25AC8DCC0089BC2F /* PreferencesWindow.swift */,
				3A6F0D7F25AC8DD90089BC2F /* Preferences.xib */,
			);
			path = Preferences;
			sourceTree = "<group>";
		};
		3AAA904B25AEC06D00323743 /* MemoSplit */ = {
			isa = PBXGroup;
			children = (
				3A5F2BCE25B18D1600359B76 /* MemoSplitWindowController.swift */,
				3A6F0D9225ADD33E0089BC2F /* MemoSplitViewController.swift */,
				3AAA904D25AEC0BF00323743 /* MemoSideViewController.swift */,
				3AAA905025AEC0D600323743 /* MemoDetailViewController.swift */,
				3A5F2BCB25B17F5F00359B76 /* MemoDetailTextView.swift */,
			);
			path = MemoSplit;
			sourceTree = "<group>";
		};
		3AAA905325AF3C2800323743 /* Model */ = {
			isa = PBXGroup;
			children = (
				3AAA905425AF3C3300323743 /* Memo.swift */,
			);
			path = Model;
			sourceTree = "<group>";
		};
		3AE1F37E25A9653100A38694 = {
			isa = PBXGroup;
			children = (
				3AE1F3CF25A98D3300A38694 /* TapMemo */,
				3AE1F38825A9653100A38694 /* Products */,
			);
			sourceTree = "<group>";
		};
		3AE1F38825A9653100A38694 /* Products */ = {
			isa = PBXGroup;
			children = (
				3AE1F38725A9653100A38694 /* TapMemo.app */,
			);
			name = Products;
			sourceTree = "<group>";
		};
		3AE1F3A025A971E400A38694 /* Manager */ = {
			isa = PBXGroup;
			children = (
				3AE1F3AB25A9723E00A38694 /* MemoManager.swift */,
				3A5F2BD425B2643300359B76 /* MemoListManager.swift */,
				3A6F0D7425AC88560089BC2F /* KeyManager.swift */,
				3A6F0D7725AC88D00089BC2F /* Storage.swift */,
			);
			path = Manager;
			sourceTree = "<group>";
		};
		3AE1F3A125A971EB00A38694 /* Utils */ = {
			isa = PBXGroup;
			children = (
				3AE1F3A425A9722200A38694 /* Extentions.swift */,
				3AE1F3A825A9722D00A38694 /* Enums.swift */,
				3AE1F3E925A9A9A600A38694 /* Protocols.swift */,
				3A5F2BE325B2D2F600359B76 /* MDParser.swift */,
				3AFB71D225B3E5CA00DE1267 /* RE.swift */,
			);
			path = Utils;
			sourceTree = "<group>";
		};
		3AE1F3A225A971F300A38694 /* Memo */ = {
			isa = PBXGroup;
			children = (
				3AE1F3AE25A9726700A38694 /* MemoWindowController.swift */,
				3AE1F3B125A9727600A38694 /* MemoWindow.swift */,
				3A6E222425B5A6720008D511 /* MemoViewController.swift */,
				3AE1F3B725A97EA200A38694 /* MemoScrollView.swift */,
				3AE1F3BA25A97EB200A38694 /* MemoTextView.swift */,
			);
			path = Memo;
			sourceTree = "<group>";
		};
		3AE1F3CF25A98D3300A38694 /* TapMemo */ = {
			isa = PBXGroup;
			children = (
				3AAA905325AF3C2800323743 /* Model */,
				3AE1F3A125A971EB00A38694 /* Utils */,
				3AE1F3A025A971E400A38694 /* Manager */,
				3AE1F3A225A971F300A38694 /* Memo */,
				3AAA904B25AEC06D00323743 /* MemoSplit */,
				3A6F0D7A25AC8D150089BC2F /* Preferences */,
				3A4E33D225BD35930018B5B4 /* Help */,
				3AE1F3D125A98D3300A38694 /* Assets.xcassets */,
				3AE1F3D225A98D3300A38694 /* Main.storyboard */,
				3AE1F3D425A98D3300A38694 /* AppDelegate.swift */,
				3AB577C225BA96A5002494E1 /* TapMemo.entitlements */,
				3AE1F3D625A98D3300A38694 /* Info.plist */,
			);
			path = TapMemo;
			sourceTree = "<group>";
		};
/* End PBXGroup section */

/* Begin PBXNativeTarget section */
		3AE1F38625A9653100A38694 /* TapMemo */ = {
			isa = PBXNativeTarget;
			buildConfigurationList = 3AE1F39725A9653400A38694 /* Build configuration list for PBXNativeTarget "TapMemo" */;
			buildPhases = (
				3AE1F38325A9653100A38694 /* Sources */,
				3AE1F38425A9653100A38694 /* Frameworks */,
				3AE1F38525A9653100A38694 /* Resources */,
			);
			buildRules = (
			);
			dependencies = (
			);
			name = TapMemo;
			packageProductDependencies = (
				3AE1F39C25A9655200A38694 /* HotKey */,
			);
			productName = TapMemo;
			productReference = 3AE1F38725A9653100A38694 /* TapMemo.app */;
			productType = "com.apple.product-type.application";
		};
/* End PBXNativeTarget section */

/* Begin PBXProject section */
		3AE1F37F25A9653100A38694 /* Project object */ = {
			isa = PBXProject;
			attributes = {
				LastSwiftUpdateCheck = 1230;
				LastUpgradeCheck = 1230;
				TargetAttributes = {
					3AE1F38625A9653100A38694 = {
						CreatedOnToolsVersion = 12.3;
					};
				};
			};
			buildConfigurationList = 3AE1F38225A9653100A38694 /* Build configuration list for PBXProject "TapMemo" */;
			compatibilityVersion = "Xcode 9.3";
			developmentRegion = en;
			hasScannedForEncodings = 0;
			knownRegions = (
				en,
				Base,
			);
			mainGroup = 3AE1F37E25A9653100A38694;
			packageReferences = (
				3AE1F39B25A9655200A38694 /* XCRemoteSwiftPackageReference "HotKey" */,
			);
			productRefGroup = 3AE1F38825A9653100A38694 /* Products */;
			projectDirPath = "";
			projectRoot = "";
			targets = (
				3AE1F38625A9653100A38694 /* TapMemo */,
			);
		};
/* End PBXProject section */

/* Begin PBXResourcesBuildPhase section */
		3AE1F38525A9653100A38694 /* Resources */ = {
			isa = PBXResourcesBuildPhase;
			buildActionMask = 2147483647;
			files = (
				3AE1F3E725A98F3300A38694 /* Main.storyboard in Resources */,
				3A6F0D8025AC8DD90089BC2F /* Preferences.xib in Resources */,
				3AE1F3E525A98F2F00A38694 /* Assets.xcassets in Resources */,
			);
			runOnlyForDeploymentPostprocessing = 0;
		};
/* End PBXResourcesBuildPhase section */

/* Begin PBXSourcesBuildPhase section */
		3AE1F38325A9653100A38694 /* Sources */ = {
			isa = PBXSourcesBuildPhase;
			buildActionMask = 2147483647;
			files = (
				3A6E222525B5A6720008D511 /* MemoViewController.swift in Sources */,
				3A5F2BD525B2643300359B76 /* MemoListManager.swift in Sources */,
				3A5F2BCF25B18D1600359B76 /* MemoSplitWindowController.swift in Sources */,
				3AE1F3A525A9722200A38694 /* Extentions.swift in Sources */,
				3AE1F3B225A9727600A38694 /* MemoWindow.swift in Sources */,
				3AE1F3AF25A9726700A38694 /* MemoWindowController.swift in Sources */,
				3AFB71D325B3E5CA00DE1267 /* RE.swift in Sources */,
				3AAA905525AF3C3300323743 /* Memo.swift in Sources */,
				3AAA904E25AEC0BF00323743 /* MemoSideViewController.swift in Sources */,
				3A6F0D7525AC88560089BC2F /* KeyManager.swift in Sources */,
				3A5F2BCC25B17F5F00359B76 /* MemoDetailTextView.swift in Sources */,
				3A6F0D7D25AC8DCC0089BC2F /* PreferencesWindow.swift in Sources */,
				3AE1F3DA25A98D3400A38694 /* AppDelegate.swift in Sources */,
				3A6F0D7825AC88D00089BC2F /* Storage.swift in Sources */,
				3AE1F3AC25A9723E00A38694 /* MemoManager.swift in Sources */,
				3AE1F3BB25A97EB200A38694 /* MemoTextView.swift in Sources */,
				3AAA905125AEC0D600323743 /* MemoDetailViewController.swift in Sources */,
				3A6F0D9325ADD33E0089BC2F /* MemoSplitViewController.swift in Sources */,
				3A5F2BE425B2D2F600359B76 /* MDParser.swift in Sources */,
				3AE1F3EA25A9A9A600A38694 /* Protocols.swift in Sources */,
				3AE1F3A925A9722D00A38694 /* Enums.swift in Sources */,
				3A4E33D425BD35AB0018B5B4 /* HelpViewController.swift in Sources */,
				3AE1F3B825A97EA200A38694 /* MemoScrollView.swift in Sources */,
			);
			runOnlyForDeploymentPostprocessing = 0;
		};
/* End PBXSourcesBuildPhase section */

/* Begin PBXVariantGroup section */
		3AE1F3D225A98D3300A38694 /* Main.storyboard */ = {
			isa = PBXVariantGroup;
			children = (
				3AE1F3D325A98D3300A38694 /* Base */,
			);
			name = Main.storyboard;
			sourceTree = "<group>";
		};
/* End PBXVariantGroup section */

/* Begin XCBuildConfiguration section */
		3AE1F39525A9653400A38694 /* Debug */ = {
			isa = XCBuildConfiguration;
			buildSettings = {
				ALWAYS_SEARCH_USER_PATHS = NO;
				CLANG_ANALYZER_NONNULL = YES;
				CLANG_ANALYZER_NUMBER_OBJECT_CONVERSION = YES_AGGRESSIVE;
				CLANG_CXX_LANGUAGE_STANDARD = "gnu++14";
				CLANG_CXX_LIBRARY = "libc++";
				CLANG_ENABLE_MODULES = YES;
				CLANG_ENABLE_OBJC_ARC = YES;
				CLANG_ENABLE_OBJC_WEAK = YES;
				CLANG_WARN_BLOCK_CAPTURE_AUTORELEASING = YES;
				CLANG_WARN_BOOL_CONVERSION = YES;
				CLANG_WARN_COMMA = YES;
				CLANG_WARN_CONSTANT_CONVERSION = YES;
				CLANG_WARN_DEPRECATED_OBJC_IMPLEMENTATIONS = YES;
				CLANG_WARN_DIRECT_OBJC_ISA_USAGE = YES_ERROR;
				CLANG_WARN_DOCUMENTATION_COMMENTS = YES;
				CLANG_WARN_EMPTY_BODY = YES;
				CLANG_WARN_ENUM_CONVERSION = YES;
				CLANG_WARN_INFINITE_RECURSION = YES;
				CLANG_WARN_INT_CONVERSION = YES;
				CLANG_WARN_NON_LITERAL_NULL_CONVERSION = YES;
				CLANG_WARN_OBJC_IMPLICIT_RETAIN_SELF = YES;
				CLANG_WARN_OBJC_LITERAL_CONVERSION = YES;
				CLANG_WARN_OBJC_ROOT_CLASS = YES_ERROR;
				CLANG_WARN_QUOTED_INCLUDE_IN_FRAMEWORK_HEADER = YES;
				CLANG_WARN_RANGE_LOOP_ANALYSIS = YES;
				CLANG_WARN_STRICT_PROTOTYPES = YES;
				CLANG_WARN_SUSPICIOUS_MOVE = YES;
				CLANG_WARN_UNGUARDED_AVAILABILITY = YES_AGGRESSIVE;
				CLANG_WARN_UNREACHABLE_CODE = YES;
				CLANG_WARN__DUPLICATE_METHOD_MATCH = YES;
				COPY_PHASE_STRIP = NO;
				DEBUG_INFORMATION_FORMAT = dwarf;
				ENABLE_STRICT_OBJC_MSGSEND = YES;
				ENABLE_TESTABILITY = YES;
				GCC_C_LANGUAGE_STANDARD = gnu11;
				GCC_DYNAMIC_NO_PIC = NO;
				GCC_NO_COMMON_BLOCKS = YES;
				GCC_OPTIMIZATION_LEVEL = 0;
				GCC_PREPROCESSOR_DEFINITIONS = (
					"DEBUG=1",
					"$(inherited)",
				);
				GCC_WARN_64_TO_32_BIT_CONVERSION = YES;
				GCC_WARN_ABOUT_RETURN_TYPE = YES_ERROR;
				GCC_WARN_UNDECLARED_SELECTOR = YES;
				GCC_WARN_UNINITIALIZED_AUTOS = YES_AGGRESSIVE;
				GCC_WARN_UNUSED_FUNCTION = YES;
				GCC_WARN_UNUSED_VARIABLE = YES;
				MACOSX_DEPLOYMENT_TARGET = 11.1;
				MTL_ENABLE_DEBUG_INFO = INCLUDE_SOURCE;
				MTL_FAST_MATH = YES;
				ONLY_ACTIVE_ARCH = YES;
				SDKROOT = macosx;
				SWIFT_ACTIVE_COMPILATION_CONDITIONS = DEBUG;
				SWIFT_OPTIMIZATION_LEVEL = "-Onone";
			};
			name = Debug;
		};
		3AE1F39625A9653400A38694 /* Release */ = {
			isa = XCBuildConfiguration;
			buildSettings = {
				ALWAYS_SEARCH_USER_PATHS = NO;
				CLANG_ANALYZER_NONNULL = YES;
				CLANG_ANALYZER_NUMBER_OBJECT_CONVERSION = YES_AGGRESSIVE;
				CLANG_CXX_LANGUAGE_STANDARD = "gnu++14";
				CLANG_CXX_LIBRARY = "libc++";
				CLANG_ENABLE_MODULES = YES;
				CLANG_ENABLE_OBJC_ARC = YES;
				CLANG_ENABLE_OBJC_WEAK = YES;
				CLANG_WARN_BLOCK_CAPTURE_AUTORELEASING = YES;
				CLANG_WARN_BOOL_CONVERSION = YES;
				CLANG_WARN_COMMA = YES;
				CLANG_WARN_CONSTANT_CONVERSION = YES;
				CLANG_WARN_DEPRECATED_OBJC_IMPLEMENTATIONS = YES;
				CLANG_WARN_DIRECT_OBJC_ISA_USAGE = YES_ERROR;
				CLANG_WARN_DOCUMENTATION_COMMENTS = YES;
				CLANG_WARN_EMPTY_BODY = YES;
				CLANG_WARN_ENUM_CONVERSION = YES;
				CLANG_WARN_INFINITE_RECURSION = YES;
				CLANG_WARN_INT_CONVERSION = YES;
				CLANG_WARN_NON_LITERAL_NULL_CONVERSION = YES;
				CLANG_WARN_OBJC_IMPLICIT_RETAIN_SELF = YES;
				CLANG_WARN_OBJC_LITERAL_CONVERSION = YES;
				CLANG_WARN_OBJC_ROOT_CLASS = YES_ERROR;
				CLANG_WARN_QUOTED_INCLUDE_IN_FRAMEWORK_HEADER = YES;
				CLANG_WARN_RANGE_LOOP_ANALYSIS = YES;
				CLANG_WARN_STRICT_PROTOTYPES = YES;
				CLANG_WARN_SUSPICIOUS_MOVE = YES;
				CLANG_WARN_UNGUARDED_AVAILABILITY = YES_AGGRESSIVE;
				CLANG_WARN_UNREACHABLE_CODE = YES;
				CLANG_WARN__DUPLICATE_METHOD_MATCH = YES;
				COPY_PHASE_STRIP = NO;
				DEBUG_INFORMATION_FORMAT = "dwarf-with-dsym";
				ENABLE_NS_ASSERTIONS = NO;
				ENABLE_STRICT_OBJC_MSGSEND = YES;
				GCC_C_LANGUAGE_STANDARD = gnu11;
				GCC_NO_COMMON_BLOCKS = YES;
				GCC_WARN_64_TO_32_BIT_CONVERSION = YES;
				GCC_WARN_ABOUT_RETURN_TYPE = YES_ERROR;
				GCC_WARN_UNDECLARED_SELECTOR = YES;
				GCC_WARN_UNINITIALIZED_AUTOS = YES_AGGRESSIVE;
				GCC_WARN_UNUSED_FUNCTION = YES;
				GCC_WARN_UNUSED_VARIABLE = YES;
				MACOSX_DEPLOYMENT_TARGET = 11.1;
				MTL_ENABLE_DEBUG_INFO = NO;
				MTL_FAST_MATH = YES;
				SDKROOT = macosx;
				SWIFT_COMPILATION_MODE = wholemodule;
				SWIFT_OPTIMIZATION_LEVEL = "-O";
			};
			name = Release;
		};
		3AE1F39825A9653400A38694 /* Debug */ = {
			isa = XCBuildConfiguration;
			buildSettings = {
				ASSETCATALOG_COMPILER_APPICON_NAME = AppIcon;
				ASSETCATALOG_COMPILER_GLOBAL_ACCENT_COLOR_NAME = AccentColor;
				CODE_SIGN_ENTITLEMENTS = TapMemo/TapMemo.entitlements;
				CODE_SIGN_IDENTITY = "Apple Development";
				CODE_SIGN_STYLE = Automatic;
				COMBINE_HIDPI_IMAGES = YES;
				DEVELOPMENT_ASSET_PATHS = "";
				DEVELOPMENT_TEAM = MEWHFZ92DY;
				ENABLE_HARDENED_RUNTIME = YES;
				INFOPLIST_FILE = TapMemo/Info.plist;
				LD_RUNPATH_SEARCH_PATHS = (
					"$(inherited)",
					"@executable_path/../Frameworks",
				);
				MARKETING_VERSION = 0.1;
				PRODUCT_BUNDLE_IDENTIFIER = w2fzu.hagemon.TapMemo;
				PRODUCT_NAME = "$(TARGET_NAME)";
				SWIFT_VERSION = 5.0;
			};
			name = Debug;
		};
		3AE1F39925A9653400A38694 /* Release */ = {
			isa = XCBuildConfiguration;
			buildSettings = {
				ASSETCATALOG_COMPILER_APPICON_NAME = AppIcon;
				ASSETCATALOG_COMPILER_GLOBAL_ACCENT_COLOR_NAME = AccentColor;
				CODE_SIGN_ENTITLEMENTS = TapMemo/TapMemo.entitlements;
				CODE_SIGN_IDENTITY = "Apple Development";
				CODE_SIGN_STYLE = Automatic;
				COMBINE_HIDPI_IMAGES = YES;
				DEVELOPMENT_ASSET_PATHS = "";
				DEVELOPMENT_TEAM = MEWHFZ92DY;
				ENABLE_HARDENED_RUNTIME = YES;
				INFOPLIST_FILE = TapMemo/Info.plist;
				LD_RUNPATH_SEARCH_PATHS = (
					"$(inherited)",
					"@executable_path/../Frameworks",
				);
				MARKETING_VERSION = 0.1;
				PRODUCT_BUNDLE_IDENTIFIER = w2fzu.hagemon.TapMemo;
				PRODUCT_NAME = "$(TARGET_NAME)";
				SWIFT_VERSION = 5.0;
			};
			name = Release;
		};
/* End XCBuildConfiguration section */

/* Begin XCConfigurationList section */
		3AE1F38225A9653100A38694 /* Build configuration list for PBXProject "TapMemo" */ = {
			isa = XCConfigurationList;
			buildConfigurations = (
				3AE1F39525A9653400A38694 /* Debug */,
				3AE1F39625A9653400A38694 /* Release */,
			);
			defaultConfigurationIsVisible = 0;
			defaultConfigurationName = Release;
		};
		3AE1F39725A9653400A38694 /* Build configuration list for PBXNativeTarget "TapMemo" */ = {
			isa = XCConfigurationList;
			buildConfigurations = (
				3AE1F39825A9653400A38694 /* Debug */,
				3AE1F39925A9653400A38694 /* Release */,
			);
			defaultConfigurationIsVisible = 0;
			defaultConfigurationName = Release;
		};
/* End XCConfigurationList section */

/* Begin XCRemoteSwiftPackageReference section */
		3AE1F39B25A9655200A38694 /* XCRemoteSwiftPackageReference "HotKey" */ = {
			isa = XCRemoteSwiftPackageReference;
			repositoryURL = "https://github.com/soffes/HotKey";
			requirement = {
				kind = upToNextMajorVersion;
				minimumVersion = 0.1.3;
			};
		};
/* End XCRemoteSwiftPackageReference section */

/* Begin XCSwiftPackageProductDependency section */
		3AE1F39C25A9655200A38694 /* HotKey */ = {
			isa = XCSwiftPackageProductDependency;
			package = 3AE1F39B25A9655200A38694 /* XCRemoteSwiftPackageReference "HotKey" */;
			productName = HotKey;
		};
/* End XCSwiftPackageProductDependency section */
	};
	rootObject = 3AE1F37F25A9653100A38694 /* Project object */;
}
